
Microsoft Visual Studio Solution File, Format Version 12.00
# Visual Studio Version 17
VisualStudioVersion = 17.14.36301.6
MinimumVisualStudioVersion = 10.0.40219.1
Project("{D954291E-2A0B-460D-934E-DC6B0785DB48}") = "Shared", "Shared\Shared.shproj", "{800249DF-7F91-4871-81AD-CC1D914073C7}"
EndProject
Project("{FAE04EC0-301F-11D3-BF4B-00C04F79EFBC}") = "NET46_SANDBOX", "Sandbox\NET46_SANDBOX.csproj", "{B58C1497-A1FB-49C2-8C80-C07B9091272F}"
EndProject
Global
	GlobalSection(SolutionConfigurationPlatforms) = preSolution
		Debug|Any CPU = Debug|Any CPU
		Release|Any CPU = Release|Any CPU
	EndGlobalSection
	GlobalSection(ProjectConfigurationPlatforms) = postSolution
		{B58C1497-A1FB-49C2-8C80-C07B9091272F}.Debug|Any CPU.ActiveCfg = Debug|Any CPU
		{B58C1497-A1FB-49C2-8C80-C07B9091272F}.Debug|Any CPU.Build.0 = Debug|Any CPU
		{B58C1497-A1FB-49C2-8C80-C07B9091272F}.Release|Any CPU.ActiveCfg = Release|Any CPU
		{B58C1497-A1FB-49C2-8C80-C07B9091272F}.Release|Any CPU.Build.0 = Release|Any CPU
	EndGlobalSection
	GlobalSection(SolutionProperties) = preSolution
		HideSolutionNode = FALSE
	EndGlobalSection
	GlobalSection(ExtensibilityGlobals) = postSolution
		SolutionGuid = {6BCA957C-6516-4179-B0AB-E3EA7C5DE504}
	EndGlobalSection
	GlobalSection(SharedMSBuildProjectFiles) = preSolution
		Shared\Shared.projitems*{800249df-7f91-4871-81ad-cc1d914073c7}*SharedItemsImports = 13
	EndGlobalSection
EndGlobal
