
Microsoft Visual Studio Solution File, Format Version 12.00
# Visual Studio Version 17
VisualStudioVersion = 17.14.36301.6
MinimumVisualStudioVersion = 10.0.40219.1
Project("{D954291E-2A0B-460D-934E-DC6B0785DB48}") = "Shared", "Shared\Shared.shproj", "{800249DF-7F91-4871-81AD-CC1D914073C7}"
EndProject
Project("{FAE04EC0-301F-11D3-BF4B-00C04F79EFBC}") = "NET_46_TEST", "Tests\NET_46_TEST\NET_46_TEST.csproj", "{DA6D985E-7AE1-4C45-A05D-480E26107D22}"
EndProject
Project("{2150E333-8FDC-42A3-9474-1A3956D46DE8}") = "Solution Items", "Solution Items", "{02EA681E-C7D8-13C7-8484-4AC65E1B71E8}"
	ProjectSection(SolutionItems) = preProject
		.editorconfig = .editorconfig
	EndProjectSection
EndProject
Project("{FAE04EC0-301F-11D3-BF4B-00C04F79EFBC}") = "NET_80_TEST", "Tests\NET_80_TEST\NET_80_TEST.csproj", "{FF2FFB01-B543-410F-9041-B1396503B1C1}"
EndProject
Project("{FAE04EC0-301F-11D3-BF4B-00C04F79EFBC}") = "ZWC_47_TEST", "Tests\ZWC_47_TEST\ZWC_47_TEST.csproj", "{4FC697A8-7201-4D01-9EC5-347D3EB9FA1F}"
EndProject
Project("{FAE04EC0-301F-11D3-BF4B-00C04F79EFBC}") = "NET_48_TEST", "Tests\NET_48_TEST\NET_48_TEST.csproj", "{627CD078-C4FC-4CD4-B5EC-44A40803DBBD}"
EndProject
Global
	GlobalSection(SolutionConfigurationPlatforms) = preSolution
		Debug|Any CPU = Debug|Any CPU
		Debug|x64 = Debug|x64
		Release|Any CPU = Release|Any CPU
		Release|x64 = Release|x64
	EndGlobalSection
	GlobalSection(ProjectConfigurationPlatforms) = postSolution
		{DA6D985E-7AE1-4C45-A05D-480E26107D22}.Debug|Any CPU.ActiveCfg = Debug|Any CPU
		{DA6D985E-7AE1-4C45-A05D-480E26107D22}.Debug|Any CPU.Build.0 = Debug|Any CPU
		{DA6D985E-7AE1-4C45-A05D-480E26107D22}.Debug|x64.ActiveCfg = Debug|x64
		{DA6D985E-7AE1-4C45-A05D-480E26107D22}.Debug|x64.Build.0 = Debug|x64
		{DA6D985E-7AE1-4C45-A05D-480E26107D22}.Release|Any CPU.ActiveCfg = Release|Any CPU
		{DA6D985E-7AE1-4C45-A05D-480E26107D22}.Release|Any CPU.Build.0 = Release|Any CPU
		{DA6D985E-7AE1-4C45-A05D-480E26107D22}.Release|x64.ActiveCfg = Release|x64
		{DA6D985E-7AE1-4C45-A05D-480E26107D22}.Release|x64.Build.0 = Release|x64
		{FF2FFB01-B543-410F-9041-B1396503B1C1}.Debug|Any CPU.ActiveCfg = Debug|Any CPU
		{FF2FFB01-B543-410F-9041-B1396503B1C1}.Debug|Any CPU.Build.0 = Debug|Any CPU
		{FF2FFB01-B543-410F-9041-B1396503B1C1}.Debug|x64.ActiveCfg = Debug|x64
		{FF2FFB01-B543-410F-9041-B1396503B1C1}.Release|Any CPU.ActiveCfg = Release|Any CPU
		{FF2FFB01-B543-410F-9041-B1396503B1C1}.Release|Any CPU.Build.0 = Release|Any CPU
		{FF2FFB01-B543-410F-9041-B1396503B1C1}.Release|x64.ActiveCfg = Release|x64
		{4FC697A8-7201-4D01-9EC5-347D3EB9FA1F}.Debug|Any CPU.ActiveCfg = Debug|Any CPU
		{4FC697A8-7201-4D01-9EC5-347D3EB9FA1F}.Debug|Any CPU.Build.0 = Debug|Any CPU
		{4FC697A8-7201-4D01-9EC5-347D3EB9FA1F}.Debug|x64.ActiveCfg = Debug|x64
		{4FC697A8-7201-4D01-9EC5-347D3EB9FA1F}.Release|Any CPU.ActiveCfg = Release|Any CPU
		{4FC697A8-7201-4D01-9EC5-347D3EB9FA1F}.Release|Any CPU.Build.0 = Release|Any CPU
		{4FC697A8-7201-4D01-9EC5-347D3EB9FA1F}.Release|x64.ActiveCfg = Release|x64
		{627CD078-C4FC-4CD4-B5EC-44A40803DBBD}.Debug|Any CPU.ActiveCfg = Debug|Any CPU
		{627CD078-C4FC-4CD4-B5EC-44A40803DBBD}.Debug|Any CPU.Build.0 = Debug|Any CPU
		{627CD078-C4FC-4CD4-B5EC-44A40803DBBD}.Debug|x64.ActiveCfg = Debug|x64
		{627CD078-C4FC-4CD4-B5EC-44A40803DBBD}.Debug|x64.Build.0 = Debug|x64
		{627CD078-C4FC-4CD4-B5EC-44A40803DBBD}.Release|Any CPU.ActiveCfg = Release|Any CPU
		{627CD078-C4FC-4CD4-B5EC-44A40803DBBD}.Release|Any CPU.Build.0 = Release|Any CPU
		{627CD078-C4FC-4CD4-B5EC-44A40803DBBD}.Release|x64.ActiveCfg = Release|x64
		{627CD078-C4FC-4CD4-B5EC-44A40803DBBD}.Release|x64.Build.0 = Release|x64
	EndGlobalSection
	GlobalSection(SolutionProperties) = preSolution
		HideSolutionNode = FALSE
	EndGlobalSection
	GlobalSection(ExtensibilityGlobals) = postSolution
		SolutionGuid = {6BCA957C-6516-4179-B0AB-E3EA7C5DE504}
	EndGlobalSection
	GlobalSection(SharedMSBuildProjectFiles) = preSolution
		Shared\Shared.projitems*{4fc697a8-7201-4d01-9ec5-347d3eb9fa1f}*SharedItemsImports = 4
		Shared\Shared.projitems*{800249df-7f91-4871-81ad-cc1d914073c7}*SharedItemsImports = 13
		Shared\Shared.projitems*{da6d985e-7ae1-4c45-a05d-480e26107d22}*SharedItemsImports = 4
		Shared\Shared.projitems*{ff2ffb01-b543-410f-9041-b1396503b1c1}*SharedItemsImports = 5
	EndGlobalSection
EndGlobal
