
Microsoft Visual Studio Solution File, Format Version 10.00
# Visual Studio 2008
Project("{FAE04EC0-301F-11D3-BF4B-00C04F79EFBC}") = "3 - DataBindingToAcadClrUIBindings", "3 - DataBindingToAcadClrUIBindings.csproj", "{7C2AF2D1-D531-4C17-9BA0-BCF7EA837795}"
EndProject
Global
	GlobalSection(SolutionConfigurationPlatforms) = preSolution
		Debug|Any CPU = Debug|Any CPU
		Release|Any CPU = Release|Any CPU
	EndGlobalSection
	GlobalSection(ProjectConfigurationPlatforms) = postSolution
		{7C2AF2D1-D531-4C17-9BA0-BCF7EA837795}.Debug|Any CPU.ActiveCfg = Debug|Any CPU
		{7C2AF2D1-D531-4C17-9BA0-BCF7EA837795}.Debug|Any CPU.Build.0 = Debug|Any CPU
		{7C2AF2D1-D531-4C17-9BA0-BCF7EA837795}.Release|Any CPU.ActiveCfg = Release|Any CPU
		{7C2AF2D1-D531-4C17-9BA0-BCF7EA837795}.Release|Any CPU.Build.0 = Release|Any CPU
	EndGlobalSection
	GlobalSection(SolutionProperties) = preSolution
		HideSolutionNode = FALSE
	EndGlobalSection
EndGlobal
